
Microsoft Visual Studio Solution File, Format Version 12.00
# Visual Studio Version 17
VisualStudioVersion = 17.10.35027.167
MinimumVisualStudioVersion = 10.0.40219.1
Project("{FAE04EC0-301F-11D3-BF4B-00C04F79EFBC}") = "Abstraction", "Abstraction\Abstraction.csproj", "{DF72E76D-6DBD-4206-AEF2-D1F2C85C2F36}"
EndProject
Global
	GlobalSection(SolutionConfigurationPlatforms) = preSolution
		Debug|Any CPU = Debug|Any CPU
		Release|Any CPU = Release|Any CPU
	EndGlobalSection
	GlobalSection(ProjectConfigurationPlatforms) = postSolution
		{DF72E76D-6DBD-4206-AEF2-D1F2C85C2F36}.Debug|Any CPU.ActiveCfg = Debug|Any CPU
		{DF72E76D-6DBD-4206-AEF2-D1F2C85C2F36}.Debug|Any CPU.Build.0 = Debug|Any CPU
		{DF72E76D-6DBD-4206-AEF2-D1F2C85C2F36}.Release|Any CPU.ActiveCfg = Release|Any CPU
		{DF72E76D-6DBD-4206-AEF2-D1F2C85C2F36}.Release|Any CPU.Build.0 = Release|Any CPU
	EndGlobalSection
	GlobalSection(SolutionProperties) = preSolution
		HideSolutionNode = FALSE
	EndGlobalSection
	GlobalSection(ExtensibilityGlobals) = postSolution
		SolutionGuid = {26FCD5C9-7291-418A-B244-6774C06D1B7F}
	EndGlobalSection
EndGlobal
